// !$*UTF8*$!
{
	archiveVersion = 1;
	classes = {
	};
	objectVersion = 55;
	objects = {

/* Begin PBXBuildFile section */
		D00B55F4284462EC00556979 /* AppDelegate.swift in Sources */ = {isa = PBXBuildFile; fileRef = D00B55F3284462EC00556979 /* AppDelegate.swift */; };
		D00B55F6284462EC00556979 /* SceneDelegate.swift in Sources */ = {isa = PBXBuildFile; fileRef = D00B55F5284462EC00556979 /* SceneDelegate.swift */; };
		D00B55FD284462ED00556979 /* Assets.xcassets in Resources */ = {isa = PBXBuildFile; fileRef = D00B55FC284462ED00556979 /* Assets.xcassets */; };
		D00B5600284462ED00556979 /* LaunchScreen.storyboard in Resources */ = {isa = PBXBuildFile; fileRef = D00B55FE284462ED00556979 /* LaunchScreen.storyboard */; };
		D00B560C2844632900556979 /* MainViewController.swift in Sources */ = {isa = PBXBuildFile; fileRef = D00B560A2844632900556979 /* MainViewController.swift */; };
		D00B560D2844632900556979 /* MainViewController.xib in Resources */ = {isa = PBXBuildFile; fileRef = D00B560B2844632900556979 /* MainViewController.xib */; };
		D00B560F2844639200556979 /* BaseViewController.swift in Sources */ = {isa = PBXBuildFile; fileRef = D00B560E2844639100556979 /* BaseViewController.swift */; };
		D00B5612284464B400556979 /* Auth0.plist in Resources */ = {isa = PBXBuildFile; fileRef = D00B5611284464B400556979 /* Auth0.plist */; };
		F38F094E57EE7D41B24E88F0 /* Pods_WebAuthn_iOS_Demo.framework in Frameworks */ = {isa = PBXBuildFile; fileRef = 63DB522C8713DE32EF3F2C89 /* Pods_WebAuthn_iOS_Demo.framework */; };
/* End PBXBuildFile section */

/* Begin PBXFileReference section */
		63DB522C8713DE32EF3F2C89 /* Pods_WebAuthn_iOS_Demo.framework */ = {isa = PBXFileReference; explicitFileType = wrapper.framework; includeInIndex = 0; path = Pods_WebAuthn_iOS_Demo.framework; sourceTree = BUILT_PRODUCTS_DIR; };
		D00B55F0284462EC00556979 /* WebAuthn_iOS_Demo.app */ = {isa = PBXFileReference; explicitFileType = wrapper.application; includeInIndex = 0; path = WebAuthn_iOS_Demo.app; sourceTree = BUILT_PRODUCTS_DIR; };
		D00B55F3284462EC00556979 /* AppDelegate.swift */ = {isa = PBXFileReference; lastKnownFileType = sourcecode.swift; path = AppDelegate.swift; sourceTree = "<group>"; };
		D00B55F5284462EC00556979 /* SceneDelegate.swift */ = {isa = PBXFileReference; lastKnownFileType = sourcecode.swift; path = SceneDelegate.swift; sourceTree = "<group>"; };
		D00B55FC284462ED00556979 /* Assets.xcassets */ = {isa = PBXFileReference; lastKnownFileType = folder.assetcatalog; path = Assets.xcassets; sourceTree = "<group>"; };
		D00B55FF284462ED00556979 /* Base */ = {isa = PBXFileReference; lastKnownFileType = file.storyboard; name = Base; path = Base.lproj/LaunchScreen.storyboard; sourceTree = "<group>"; };
		D00B5601284462ED00556979 /* Info.plist */ = {isa = PBXFileReference; lastKnownFileType = text.plist.xml; path = Info.plist; sourceTree = "<group>"; };
		D00B560A2844632900556979 /* MainViewController.swift */ = {isa = PBXFileReference; lastKnownFileType = sourcecode.swift; path = MainViewController.swift; sourceTree = "<group>"; };
		D00B560B2844632900556979 /* MainViewController.xib */ = {isa = PBXFileReference; lastKnownFileType = file.xib; path = MainViewController.xib; sourceTree = "<group>"; };
		D00B560E2844639100556979 /* BaseViewController.swift */ = {isa = PBXFileReference; fileEncoding = 4; lastKnownFileType = sourcecode.swift; path = BaseViewController.swift; sourceTree = "<group>"; };
		D00B5611284464B400556979 /* Auth0.plist */ = {isa = PBXFileReference; lastKnownFileType = text.plist.xml; path = Auth0.plist; sourceTree = "<group>"; };
		DF7F5BCBC3E0EAE83BFECE73 /* Pods-WebAuthn_iOS_Demo.debug.xcconfig */ = {isa = PBXFileReference; includeInIndex = 1; lastKnownFileType = text.xcconfig; name = "Pods-WebAuthn_iOS_Demo.debug.xcconfig"; path = "Target Support Files/Pods-WebAuthn_iOS_Demo/Pods-WebAuthn_iOS_Demo.debug.xcconfig"; sourceTree = "<group>"; };
		E66B6E2D94B1CC20801DF049 /* Pods-WebAuthn_iOS_Demo.release.xcconfig */ = {isa = PBXFileReference; includeInIndex = 1; lastKnownFileType = text.xcconfig; name = "Pods-WebAuthn_iOS_Demo.release.xcconfig"; path = "Target Support Files/Pods-WebAuthn_iOS_Demo/Pods-WebAuthn_iOS_Demo.release.xcconfig"; sourceTree = "<group>"; };
/* End PBXFileReference section */

/* Begin PBXFrameworksBuildPhase section */
		D00B55ED284462EC00556979 /* Frameworks */ = {
			isa = PBXFrameworksBuildPhase;
			buildActionMask = 2147483647;
			files = (
				F38F094E57EE7D41B24E88F0 /* Pods_WebAuthn_iOS_Demo.framework in Frameworks */,
			);
			runOnlyForDeploymentPostprocessing = 0;
		};
/* End PBXFrameworksBuildPhase section */

/* Begin PBXGroup section */
		D00B55E7284462EC00556979 = {
			isa = PBXGroup;
			children = (
				D00B55F2284462EC00556979 /* WebAuthn_iOS_Demo */,
				D00B55F1284462EC00556979 /* Products */,
				DB85A43828CAEF40CCA4A33B /* Pods */,
				D1D4240044BFDF04DB30A2E3 /* Frameworks */,
			);
			sourceTree = "<group>";
		};
		D00B55F1284462EC00556979 /* Products */ = {
			isa = PBXGroup;
			children = (
				D00B55F0284462EC00556979 /* WebAuthn_iOS_Demo.app */,
			);
			name = Products;
			sourceTree = "<group>";
		};
		D00B55F2284462EC00556979 /* WebAuthn_iOS_Demo */ = {
			isa = PBXGroup;
			children = (
				D00B56102844649600556979 /* Auth0 Support Files */,
				D0968C3B2845AFEF00F224FC /* Model */,
				D0968C3A2845AFE700F224FC /* View */,
				D00B56072844630900556979 /* Controller */,
				D00B55F3284462EC00556979 /* AppDelegate.swift */,
				D00B55F5284462EC00556979 /* SceneDelegate.swift */,
				D00B55FC284462ED00556979 /* Assets.xcassets */,
				D00B55FE284462ED00556979 /* LaunchScreen.storyboard */,
				D00B5601284462ED00556979 /* Info.plist */,
			);
			path = WebAuthn_iOS_Demo;
			sourceTree = "<group>";
		};
		D00B56072844630900556979 /* Controller */ = {
			isa = PBXGroup;
			children = (
				D00B560E2844639100556979 /* BaseViewController.swift */,
				D00B560A2844632900556979 /* MainViewController.swift */,
				D00B560B2844632900556979 /* MainViewController.xib */,
			);
			path = Controller;
			sourceTree = "<group>";
		};
		D00B56102844649600556979 /* Auth0 Support Files */ = {
			isa = PBXGroup;
			children = (
				D00B5611284464B400556979 /* Auth0.plist */,
			);
			path = "Auth0 Support Files";
			sourceTree = "<group>";
		};
		D0968C3A2845AFE700F224FC /* View */ = {
			isa = PBXGroup;
			children = (
			);
			path = View;
			sourceTree = "<group>";
		};
		D0968C3B2845AFEF00F224FC /* Model */ = {
			isa = PBXGroup;
			children = (
			);
			path = Model;
			sourceTree = "<group>";
		};
		D1D4240044BFDF04DB30A2E3 /* Frameworks */ = {
			isa = PBXGroup;
			children = (
				63DB522C8713DE32EF3F2C89 /* Pods_WebAuthn_iOS_Demo.framework */,
			);
			name = Frameworks;
			sourceTree = "<group>";
		};
		DB85A43828CAEF40CCA4A33B /* Pods */ = {
			isa = PBXGroup;
			children = (
				DF7F5BCBC3E0EAE83BFECE73 /* Pods-WebAuthn_iOS_Demo.debug.xcconfig */,
				E66B6E2D94B1CC20801DF049 /* Pods-WebAuthn_iOS_Demo.release.xcconfig */,
			);
			path = Pods;
			sourceTree = "<group>";
		};
/* End PBXGroup section */

/* Begin PBXNativeTarget section */
		D00B55EF284462EC00556979 /* WebAuthn_iOS_Demo */ = {
			isa = PBXNativeTarget;
			buildConfigurationList = D00B5604284462ED00556979 /* Build configuration list for PBXNativeTarget "WebAuthn_iOS_Demo" */;
			buildPhases = (
				90DCEFED9D31D9DE688BCD15 /* [CP] Check Pods Manifest.lock */,
				D00B55EC284462EC00556979 /* Sources */,
				D00B55ED284462EC00556979 /* Frameworks */,
				D00B55EE284462EC00556979 /* Resources */,
				C49DABEA78DF83358FD143A1 /* [CP] Embed Pods Frameworks */,
			);
			buildRules = (
			);
			dependencies = (
			);
			name = WebAuthn_iOS_Demo;
			productName = WebAuthn_iOS_Demo;
			productReference = D00B55F0284462EC00556979 /* WebAuthn_iOS_Demo.app */;
			productType = "com.apple.product-type.application";
		};
/* End PBXNativeTarget section */

/* Begin PBXProject section */
		D00B55E8284462EC00556979 /* Project object */ = {
			isa = PBXProject;
			attributes = {
				BuildIndependentTargetsInParallel = 1;
				LastSwiftUpdateCheck = 1310;
				LastUpgradeCheck = 1310;
				TargetAttributes = {
					D00B55EF284462EC00556979 = {
						CreatedOnToolsVersion = 13.1;
					};
				};
			};
			buildConfigurationList = D00B55EB284462EC00556979 /* Build configuration list for PBXProject "WebAuthn_iOS_Demo" */;
			compatibilityVersion = "Xcode 13.0";
			developmentRegion = en;
			hasScannedForEncodings = 0;
			knownRegions = (
				en,
				Base,
			);
			mainGroup = D00B55E7284462EC00556979;
			productRefGroup = D00B55F1284462EC00556979 /* Products */;
			projectDirPath = "";
			projectRoot = "";
			targets = (
				D00B55EF284462EC00556979 /* WebAuthn_iOS_Demo */,
			);
		};
/* End PBXProject section */

/* Begin PBXResourcesBuildPhase section */
		D00B55EE284462EC00556979 /* Resources */ = {
			isa = PBXResourcesBuildPhase;
			buildActionMask = 2147483647;
			files = (
				D00B5600284462ED00556979 /* LaunchScreen.storyboard in Resources */,
				D00B560D2844632900556979 /* MainViewController.xib in Resources */,
				D00B55FD284462ED00556979 /* Assets.xcassets in Resources */,
				D00B5612284464B400556979 /* Auth0.plist in Resources */,
			);
			runOnlyForDeploymentPostprocessing = 0;
		};
/* End PBXResourcesBuildPhase section */

/* Begin PBXShellScriptBuildPhase section */
		90DCEFED9D31D9DE688BCD15 /* [CP] Check Pods Manifest.lock */ = {
			isa = PBXShellScriptBuildPhase;
			buildActionMask = 2147483647;
			files = (
			);
			inputFileListPaths = (
			);
			inputPaths = (
				"${PODS_PODFILE_DIR_PATH}/Podfile.lock",
				"${PODS_ROOT}/Manifest.lock",
			);
			name = "[CP] Check Pods Manifest.lock";
			outputFileListPaths = (
			);
			outputPaths = (
				"$(DERIVED_FILE_DIR)/Pods-WebAuthn_iOS_Demo-checkManifestLockResult.txt",
			);
			runOnlyForDeploymentPostprocessing = 0;
			shellPath = /bin/sh;
			shellScript = "diff \"${PODS_PODFILE_DIR_PATH}/Podfile.lock\" \"${PODS_ROOT}/Manifest.lock\" > /dev/null\nif [ $? != 0 ] ; then\n    # print error to STDERR\n    echo \"error: The sandbox is not in sync with the Podfile.lock. Run 'pod install' or update your CocoaPods installation.\" >&2\n    exit 1\nfi\n# This output is used by Xcode 'outputs' to avoid re-running this script phase.\necho \"SUCCESS\" > \"${SCRIPT_OUTPUT_FILE_0}\"\n";
			showEnvVarsInLog = 0;
		};
		C49DABEA78DF83358FD143A1 /* [CP] Embed Pods Frameworks */ = {
			isa = PBXShellScriptBuildPhase;
			buildActionMask = 2147483647;
			files = (
			);
			inputFileListPaths = (
				"${PODS_ROOT}/Target Support Files/Pods-WebAuthn_iOS_Demo/Pods-WebAuthn_iOS_Demo-frameworks-${CONFIGURATION}-input-files.xcfilelist",
			);
			name = "[CP] Embed Pods Frameworks";
			outputFileListPaths = (
				"${PODS_ROOT}/Target Support Files/Pods-WebAuthn_iOS_Demo/Pods-WebAuthn_iOS_Demo-frameworks-${CONFIGURATION}-output-files.xcfilelist",
			);
			runOnlyForDeploymentPostprocessing = 0;
			shellPath = /bin/sh;
			shellScript = "\"${PODS_ROOT}/Target Support Files/Pods-WebAuthn_iOS_Demo/Pods-WebAuthn_iOS_Demo-frameworks.sh\"\n";
			showEnvVarsInLog = 0;
		};
/* End PBXShellScriptBuildPhase section */

/* Begin PBXSourcesBuildPhase section */
		D00B55EC284462EC00556979 /* Sources */ = {
			isa = PBXSourcesBuildPhase;
			buildActionMask = 2147483647;
			files = (
				D00B560C2844632900556979 /* MainViewController.swift in Sources */,
				D00B560F2844639200556979 /* BaseViewController.swift in Sources */,
				D00B55F4284462EC00556979 /* AppDelegate.swift in Sources */,
				D00B55F6284462EC00556979 /* SceneDelegate.swift in Sources */,
			);
			runOnlyForDeploymentPostprocessing = 0;
		};
/* End PBXSourcesBuildPhase section */

/* Begin PBXVariantGroup section */
		D00B55FE284462ED00556979 /* LaunchScreen.storyboard */ = {
			isa = PBXVariantGroup;
			children = (
				D00B55FF284462ED00556979 /* Base */,
			);
			name = LaunchScreen.storyboard;
			sourceTree = "<group>";
		};
/* End PBXVariantGroup section */

/* Begin XCBuildConfiguration section */
		D00B5602284462ED00556979 /* Debug */ = {
			isa = XCBuildConfiguration;
			buildSettings = {
				ALWAYS_SEARCH_USER_PATHS = NO;
				CLANG_ANALYZER_NONNULL = YES;
				CLANG_ANALYZER_NUMBER_OBJECT_CONVERSION = YES_AGGRESSIVE;
				CLANG_CXX_LANGUAGE_STANDARD = "gnu++17";
				CLANG_CXX_LIBRARY = "libc++";
				CLANG_ENABLE_MODULES = YES;
				CLANG_ENABLE_OBJC_ARC = YES;
				CLANG_ENABLE_OBJC_WEAK = YES;
				CLANG_WARN_BLOCK_CAPTURE_AUTORELEASING = YES;
				CLANG_WARN_BOOL_CONVERSION = YES;
				CLANG_WARN_COMMA = YES;
				CLANG_WARN_CONSTANT_CONVERSION = YES;
				CLANG_WARN_DEPRECATED_OBJC_IMPLEMENTATIONS = YES;
				CLANG_WARN_DIRECT_OBJC_ISA_USAGE = YES_ERROR;
				CLANG_WARN_DOCUMENTATION_COMMENTS = YES;
				CLANG_WARN_EMPTY_BODY = YES;
				CLANG_WARN_ENUM_CONVERSION = YES;
				CLANG_WARN_INFINITE_RECURSION = YES;
				CLANG_WARN_INT_CONVERSION = YES;
				CLANG_WARN_NON_LITERAL_NULL_CONVERSION = YES;
				CLANG_WARN_OBJC_IMPLICIT_RETAIN_SELF = YES;
				CLANG_WARN_OBJC_LITERAL_CONVERSION = YES;
				CLANG_WARN_OBJC_ROOT_CLASS = YES_ERROR;
				CLANG_WARN_QUOTED_INCLUDE_IN_FRAMEWORK_HEADER = YES;
				CLANG_WARN_RANGE_LOOP_ANALYSIS = YES;
				CLANG_WARN_STRICT_PROTOTYPES = YES;
				CLANG_WARN_SUSPICIOUS_MOVE = YES;
				CLANG_WARN_UNGUARDED_AVAILABILITY = YES_AGGRESSIVE;
				CLANG_WARN_UNREACHABLE_CODE = YES;
				CLANG_WARN__DUPLICATE_METHOD_MATCH = YES;
				COPY_PHASE_STRIP = NO;
				DEBUG_INFORMATION_FORMAT = dwarf;
				ENABLE_STRICT_OBJC_MSGSEND = YES;
				ENABLE_TESTABILITY = YES;
				GCC_C_LANGUAGE_STANDARD = gnu11;
				GCC_DYNAMIC_NO_PIC = NO;
				GCC_NO_COMMON_BLOCKS = YES;
				GCC_OPTIMIZATION_LEVEL = 0;
				GCC_PREPROCESSOR_DEFINITIONS = (
					"DEBUG=1",
					"$(inherited)",
				);
				GCC_WARN_64_TO_32_BIT_CONVERSION = YES;
				GCC_WARN_ABOUT_RETURN_TYPE = YES_ERROR;
				GCC_WARN_UNDECLARED_SELECTOR = YES;
				GCC_WARN_UNINITIALIZED_AUTOS = YES_AGGRESSIVE;
				GCC_WARN_UNUSED_FUNCTION = YES;
				GCC_WARN_UNUSED_VARIABLE = YES;
				IPHONEOS_DEPLOYMENT_TARGET = 15.0;
				MTL_ENABLE_DEBUG_INFO = INCLUDE_SOURCE;
				MTL_FAST_MATH = YES;
				ONLY_ACTIVE_ARCH = YES;
				SDKROOT = iphoneos;
				SWIFT_ACTIVE_COMPILATION_CONDITIONS = DEBUG;
				SWIFT_OPTIMIZATION_LEVEL = "-Onone";
			};
			name = Debug;
		};
		D00B5603284462ED00556979 /* Release */ = {
			isa = XCBuildConfiguration;
			buildSettings = {
				ALWAYS_SEARCH_USER_PATHS = NO;
				CLANG_ANALYZER_NONNULL = YES;
				CLANG_ANALYZER_NUMBER_OBJECT_CONVERSION = YES_AGGRESSIVE;
				CLANG_CXX_LANGUAGE_STANDARD = "gnu++17";
				CLANG_CXX_LIBRARY = "libc++";
				CLANG_ENABLE_MODULES = YES;
				CLANG_ENABLE_OBJC_ARC = YES;
				CLANG_ENABLE_OBJC_WEAK = YES;
				CLANG_WARN_BLOCK_CAPTURE_AUTORELEASING = YES;
				CLANG_WARN_BOOL_CONVERSION = YES;
				CLANG_WARN_COMMA = YES;
				CLANG_WARN_CONSTANT_CONVERSION = YES;
				CLANG_WARN_DEPRECATED_OBJC_IMPLEMENTATIONS = YES;
				CLANG_WARN_DIRECT_OBJC_ISA_USAGE = YES_ERROR;
				CLANG_WARN_DOCUMENTATION_COMMENTS = YES;
				CLANG_WARN_EMPTY_BODY = YES;
				CLANG_WARN_ENUM_CONVERSION = YES;
				CLANG_WARN_INFINITE_RECURSION = YES;
				CLANG_WARN_INT_CONVERSION = YES;
				CLANG_WARN_NON_LITERAL_NULL_CONVERSION = YES;
				CLANG_WARN_OBJC_IMPLICIT_RETAIN_SELF = YES;
				CLANG_WARN_OBJC_LITERAL_CONVERSION = YES;
				CLANG_WARN_OBJC_ROOT_CLASS = YES_ERROR;
				CLANG_WARN_QUOTED_INCLUDE_IN_FRAMEWORK_HEADER = YES;
				CLANG_WARN_RANGE_LOOP_ANALYSIS = YES;
				CLANG_WARN_STRICT_PROTOTYPES = YES;
				CLANG_WARN_SUSPICIOUS_MOVE = YES;
				CLANG_WARN_UNGUARDED_AVAILABILITY = YES_AGGRESSIVE;
				CLANG_WARN_UNREACHABLE_CODE = YES;
				CLANG_WARN__DUPLICATE_METHOD_MATCH = YES;
				COPY_PHASE_STRIP = NO;
				DEBUG_INFORMATION_FORMAT = "dwarf-with-dsym";
				ENABLE_NS_ASSERTIONS = NO;
				ENABLE_STRICT_OBJC_MSGSEND = YES;
				GCC_C_LANGUAGE_STANDARD = gnu11;
				GCC_NO_COMMON_BLOCKS = YES;
				GCC_WARN_64_TO_32_BIT_CONVERSION = YES;
				GCC_WARN_ABOUT_RETURN_TYPE = YES_ERROR;
				GCC_WARN_UNDECLARED_SELECTOR = YES;
				GCC_WARN_UNINITIALIZED_AUTOS = YES_AGGRESSIVE;
				GCC_WARN_UNUSED_FUNCTION = YES;
				GCC_WARN_UNUSED_VARIABLE = YES;
				IPHONEOS_DEPLOYMENT_TARGET = 15.0;
				MTL_ENABLE_DEBUG_INFO = NO;
				MTL_FAST_MATH = YES;
				SDKROOT = iphoneos;
				SWIFT_COMPILATION_MODE = wholemodule;
				SWIFT_OPTIMIZATION_LEVEL = "-O";
				VALIDATE_PRODUCT = YES;
			};
			name = Release;
		};
		D00B5605284462ED00556979 /* Debug */ = {
			isa = XCBuildConfiguration;
			baseConfigurationReference = DF7F5BCBC3E0EAE83BFECE73 /* Pods-WebAuthn_iOS_Demo.debug.xcconfig */;
			buildSettings = {
				ASSETCATALOG_COMPILER_APPICON_NAME = AppIcon;
				ASSETCATALOG_COMPILER_GLOBAL_ACCENT_COLOR_NAME = AccentColor;
				CODE_SIGN_STYLE = Automatic;
				CURRENT_PROJECT_VERSION = 1;
				DEVELOPMENT_TEAM = S8FBP4YLUA;
				GENERATE_INFOPLIST_FILE = YES;
				INFOPLIST_FILE = WebAuthn_iOS_Demo/Info.plist;
				INFOPLIST_KEY_UIApplicationSupportsIndirectInputEvents = YES;
				INFOPLIST_KEY_UILaunchStoryboardName = LaunchScreen;
				INFOPLIST_KEY_UISupportedInterfaceOrientations_iPad = "UIInterfaceOrientationPortrait UIInterfaceOrientationPortraitUpsideDown UIInterfaceOrientationLandscapeLeft UIInterfaceOrientationLandscapeRight";
				INFOPLIST_KEY_UISupportedInterfaceOrientations_iPhone = "UIInterfaceOrientationPortrait UIInterfaceOrientationLandscapeLeft UIInterfaceOrientationLandscapeRight";
				LD_RUNPATH_SEARCH_PATHS = (
					"$(inherited)",
					"@executable_path/Frameworks",
				);
				MARKETING_VERSION = 1.0;
				PRODUCT_BUNDLE_IDENTIFIER = "com.leoho.WebAuthn-iOS-Demo";
				PRODUCT_NAME = "$(TARGET_NAME)";
				SWIFT_EMIT_LOC_STRINGS = YES;
				SWIFT_VERSION = 5.0;
				TARGETED_DEVICE_FAMILY = "1,2";
			};
			name = Debug;
		};
		D00B5606284462ED00556979 /* Release */ = {
			isa = XCBuildConfiguration;
			baseConfigurationReference = E66B6E2D94B1CC20801DF049 /* Pods-WebAuthn_iOS_Demo.release.xcconfig */;
			buildSettings = {
				ASSETCATALOG_COMPILER_APPICON_NAME = AppIcon;
				ASSETCATALOG_COMPILER_GLOBAL_ACCENT_COLOR_NAME = AccentColor;
				CODE_SIGN_STYLE = Automatic;
				CURRENT_PROJECT_VERSION = 1;
				DEVELOPMENT_TEAM = S8FBP4YLUA;
				GENERATE_INFOPLIST_FILE = YES;
				INFOPLIST_FILE = WebAuthn_iOS_Demo/Info.plist;
				INFOPLIST_KEY_UIApplicationSupportsIndirectInputEvents = YES;
				INFOPLIST_KEY_UILaunchStoryboardName = LaunchScreen;
				INFOPLIST_KEY_UISupportedInterfaceOrientations_iPad = "UIInterfaceOrientationPortrait UIInterfaceOrientationPortraitUpsideDown UIInterfaceOrientationLandscapeLeft UIInterfaceOrientationLandscapeRight";
				INFOPLIST_KEY_UISupportedInterfaceOrientations_iPhone = "UIInterfaceOrientationPortrait UIInterfaceOrientationLandscapeLeft UIInterfaceOrientationLandscapeRight";
				LD_RUNPATH_SEARCH_PATHS = (
					"$(inherited)",
					"@executable_path/Frameworks",
				);
				MARKETING_VERSION = 1.0;
				PRODUCT_BUNDLE_IDENTIFIER = "com.leoho.WebAuthn-iOS-Demo";
				PRODUCT_NAME = "$(TARGET_NAME)";
				SWIFT_EMIT_LOC_STRINGS = YES;
				SWIFT_VERSION = 5.0;
				TARGETED_DEVICE_FAMILY = "1,2";
			};
			name = Release;
		};
/* End XCBuildConfiguration section */

/* Begin XCConfigurationList section */
		D00B55EB284462EC00556979 /* Build configuration list for PBXProject "WebAuthn_iOS_Demo" */ = {
			isa = XCConfigurationList;
			buildConfigurations = (
				D00B5602284462ED00556979 /* Debug */,
				D00B5603284462ED00556979 /* Release */,
			);
			defaultConfigurationIsVisible = 0;
			defaultConfigurationName = Release;
		};
		D00B5604284462ED00556979 /* Build configuration list for PBXNativeTarget "WebAuthn_iOS_Demo" */ = {
			isa = XCConfigurationList;
			buildConfigurations = (
				D00B5605284462ED00556979 /* Debug */,
				D00B5606284462ED00556979 /* Release */,
			);
			defaultConfigurationIsVisible = 0;
			defaultConfigurationName = Release;
		};
/* End XCConfigurationList section */
	};
	rootObject = D00B55E8284462EC00556979 /* Project object */;
}
